
Microsoft Visual Studio Solution File, Format Version 12.00
# Visual Studio Version 17
VisualStudioVersion = 17.3.32825.248
MinimumVisualStudioVersion = 10.0.40219.1
Project("{FAE04EC0-301F-11D3-BF4B-00C04F79EFBC}") = "PingPongMesaging_cmd", "PingPongMesaging_cmd.csproj", "{3BAF0C73-87EE-4B6C-BAAC-6DA9E964DB68}"
EndProject
Global
	GlobalSection(SolutionConfigurationPlatforms) = preSolution
		Debug|Any CPU = Debug|Any CPU
		Release|Any CPU = Release|Any CPU
	EndGlobalSection
	GlobalSection(ProjectConfigurationPlatforms) = postSolution
		{3BAF0C73-87EE-4B6C-BAAC-6DA9E964DB68}.Debug|Any CPU.ActiveCfg = Debug|Any CPU
		{3BAF0C73-87EE-4B6C-BAAC-6DA9E964DB68}.Debug|Any CPU.Build.0 = Debug|Any CPU
		{3BAF0C73-87EE-4B6C-BAAC-6DA9E964DB68}.Release|Any CPU.ActiveCfg = Release|Any CPU
		{3BAF0C73-87EE-4B6C-BAAC-6DA9E964DB68}.Release|Any CPU.Build.0 = Release|Any CPU
	EndGlobalSection
	GlobalSection(SolutionProperties) = preSolution
		HideSolutionNode = FALSE
	EndGlobalSection
	GlobalSection(ExtensibilityGlobals) = postSolution
		SolutionGuid = {03E29619-9F37-4CA7-BBAB-334312B4F646}
	EndGlobalSection
EndGlobal
